schema: '2.0'
stages:
  import:
    cmd: python Data_Import.py
    deps:
    - path: Data_Import.py
      hash: md5
      md5: ac46e046a8fe412f781dc1b360937560
      size: 374
    - path: california_housing.csv
      hash: md5
      md5: 7fac32c6878264abb7fbb6ef9672d0be
      size: 731122
    outs:
    - path: data/processed/data.csv
      hash: md5
      md5: fbe76ef78882bb27c955db9feedb6249
      size: 732440
  train:
    cmd: python Training_script.py
    deps:
    - path: Training_script.py
      hash: md5
      md5: f2c75f7c28b7786a71f22d4461132185
      size: 786
    - path: data/processed/data.csv
      hash: md5
      md5: fbe76ef78882bb27c955db9feedb6249
      size: 732440
    - path: params.yaml
      hash: md5
      md5: a82cdd14176c9fe1eea394a4a6b48661
      size: 46
    outs:
    - path: models/model.pkl
      hash: md5
      md5: 0211a55169f4551c9d51c5d72f3bbdb7
      size: 531
  evaluate:
    cmd: python Evaluation.py
    deps:
    - path: Evaluation.py
      hash: md5
      md5: 769ce81d789f171acf96ad8e59eaccaa
      size: 985
    - path: data/processed/data.csv
      hash: md5
      md5: fbe76ef78882bb27c955db9feedb6249
      size: 732440
    - path: models/model.pkl
      hash: md5
      md5: 0211a55169f4551c9d51c5d72f3bbdb7
      size: 531
    - path: params.yaml
      hash: md5
      md5: a82cdd14176c9fe1eea394a4a6b48661
      size: 46
    outs:
    - path: metrics/metrics.json
      hash: md5
      md5: 9cb04abbf9898aa3d7f9c603e67912f2
      size: 67
